
Microsoft Visual Studio Solution File, Format Version 12.00
# Visual Studio Version 17
VisualStudioVersion = 17.1.32407.343
MinimumVisualStudioVersion = 10.0.40219.1
Project("{9A19103F-16F7-4668-BE54-9A1E7A4F7556}") = "Eidos", "Eidos\Eidos.csproj", "{B0AB7527-018F-4F12-BC90-FA4FA14323FF}"
EndProject
Project("{9A19103F-16F7-4668-BE54-9A1E7A4F7556}") = "MyLib", "MyLib\MyLib.csproj", "{94DDA986-C818-40E3-B932-DDE277F1458E}"
EndProject
Global
	GlobalSection(SolutionConfigurationPlatforms) = preSolution
		Debug|Any CPU = Debug|Any CPU
		Release|Any CPU = Release|Any CPU
	EndGlobalSection
	GlobalSection(ProjectConfigurationPlatforms) = postSolution
		{B0AB7527-018F-4F12-BC90-FA4FA14323FF}.Debug|Any CPU.ActiveCfg = Debug|Any CPU
		{B0AB7527-018F-4F12-BC90-FA4FA14323FF}.Debug|Any CPU.Build.0 = Debug|Any CPU
		{B0AB7527-018F-4F12-BC90-FA4FA14323FF}.Release|Any CPU.ActiveCfg = Release|Any CPU
		{B0AB7527-018F-4F12-BC90-FA4FA14323FF}.Release|Any CPU.Build.0 = Release|Any CPU
		{94DDA986-C818-40E3-B932-DDE277F1458E}.Debug|Any CPU.ActiveCfg = Debug|Any CPU
		{94DDA986-C818-40E3-B932-DDE277F1458E}.Debug|Any CPU.Build.0 = Debug|Any CPU
		{94DDA986-C818-40E3-B932-DDE277F1458E}.Release|Any CPU.ActiveCfg = Release|Any CPU
		{94DDA986-C818-40E3-B932-DDE277F1458E}.Release|Any CPU.Build.0 = Release|Any CPU
	EndGlobalSection
	GlobalSection(SolutionProperties) = preSolution
		HideSolutionNode = FALSE
	EndGlobalSection
	GlobalSection(ExtensibilityGlobals) = postSolution
		SolutionGuid = {EAF3E974-4431-48C9-8278-6F121159FED6}
	EndGlobalSection
EndGlobal
